
Microsoft Visual Studio Solution File, Format Version 12.00
# Visual Studio Version 17
VisualStudioVersion = 17.4.33122.133
MinimumVisualStudioVersion = 10.0.40219.1
Project("{9A19103F-16F7-4668-BE54-9A1E7A4F7556}") = "Communications.Api", "Communications.Api\Communications.Api.csproj", "{B31300C7-F49A-4BFC-97E3-BB6BEEF52BA6}"
EndProject
Project("{9A19103F-16F7-4668-BE54-9A1E7A4F7556}") = "Communications.Core", "Communications.Core\Communications.Core.csproj", "{51929E1A-8CA0-4704-AF8D-9C6EC82BD20E}"
EndProject
Project("{9A19103F-16F7-4668-BE54-9A1E7A4F7556}") = "Communications.Infrastructure", "Communications.Infrastructure\Communications.Infrastructure.csproj", "{A53CCFCF-B339-4975-937F-568E9ABB44DD}"
EndProject
Project("{9A19103F-16F7-4668-BE54-9A1E7A4F7556}") = "Communications.Application", "Communications.Application\Communications.Application.csproj", "{35F203E6-BDD8-4DA0-8B32-E4D1CD4B5A54}"
EndProject
Project("{9A19103F-16F7-4668-BE54-9A1E7A4F7556}") = "Communications.Hangfire", "Communications.Hangfire\Communications.Hangfire.csproj", "{8854B463-41C8-4030-A1C4-F0915B30D8C8}"
EndProject
Project("{9A19103F-16F7-4668-BE54-9A1E7A4F7556}") = "SharedLib.Kafka", "..\SharedLib\SharedLib.Kafka\SharedLib.Kafka.csproj", "{3C1D3497-52E6-433D-A47F-F2412C95B6D0}"
EndProject
Project("{9A19103F-16F7-4668-BE54-9A1E7A4F7556}") = "Communications.SignalR", "Communications.SignalR\Communications.SignalR.csproj", "{AF87F2A1-0A71-47E4-B946-BE3E1CE8AD75}"
EndProject
Project("{9A19103F-16F7-4668-BE54-9A1E7A4F7556}") = "SharedLib.ElasticSearch", "..\SharedLib\SharedLib.ElasticSearch\SharedLib.ElasticSearch.csproj", "{C62D249F-2389-4C95-9DE4-096471F72B62}"
EndProject
Project("{9A19103F-16F7-4668-BE54-9A1E7A4F7556}") = "SharedLib.Redis", "..\SharedLib\SharedLib.Redis\SharedLib.Redis.csproj", "{2876A1F8-3793-4212-AB4F-D27305592DB7}"
EndProject
Global
	GlobalSection(SolutionConfigurationPlatforms) = preSolution
		Debug|Any CPU = Debug|Any CPU
		Release|Any CPU = Release|Any CPU
	EndGlobalSection
	GlobalSection(ProjectConfigurationPlatforms) = postSolution
		{B31300C7-F49A-4BFC-97E3-BB6BEEF52BA6}.Debug|Any CPU.ActiveCfg = Debug|Any CPU
		{B31300C7-F49A-4BFC-97E3-BB6BEEF52BA6}.Debug|Any CPU.Build.0 = Debug|Any CPU
		{B31300C7-F49A-4BFC-97E3-BB6BEEF52BA6}.Release|Any CPU.ActiveCfg = Release|Any CPU
		{B31300C7-F49A-4BFC-97E3-BB6BEEF52BA6}.Release|Any CPU.Build.0 = Release|Any CPU
		{51929E1A-8CA0-4704-AF8D-9C6EC82BD20E}.Debug|Any CPU.ActiveCfg = Debug|Any CPU
		{51929E1A-8CA0-4704-AF8D-9C6EC82BD20E}.Debug|Any CPU.Build.0 = Debug|Any CPU
		{51929E1A-8CA0-4704-AF8D-9C6EC82BD20E}.Release|Any CPU.ActiveCfg = Release|Any CPU
		{51929E1A-8CA0-4704-AF8D-9C6EC82BD20E}.Release|Any CPU.Build.0 = Release|Any CPU
		{A53CCFCF-B339-4975-937F-568E9ABB44DD}.Debug|Any CPU.ActiveCfg = Debug|Any CPU
		{A53CCFCF-B339-4975-937F-568E9ABB44DD}.Debug|Any CPU.Build.0 = Debug|Any CPU
		{A53CCFCF-B339-4975-937F-568E9ABB44DD}.Release|Any CPU.ActiveCfg = Release|Any CPU
		{A53CCFCF-B339-4975-937F-568E9ABB44DD}.Release|Any CPU.Build.0 = Release|Any CPU
		{35F203E6-BDD8-4DA0-8B32-E4D1CD4B5A54}.Debug|Any CPU.ActiveCfg = Debug|Any CPU
		{35F203E6-BDD8-4DA0-8B32-E4D1CD4B5A54}.Debug|Any CPU.Build.0 = Debug|Any CPU
		{35F203E6-BDD8-4DA0-8B32-E4D1CD4B5A54}.Release|Any CPU.ActiveCfg = Release|Any CPU
		{35F203E6-BDD8-4DA0-8B32-E4D1CD4B5A54}.Release|Any CPU.Build.0 = Release|Any CPU
		{8854B463-41C8-4030-A1C4-F0915B30D8C8}.Debug|Any CPU.ActiveCfg = Debug|Any CPU
		{8854B463-41C8-4030-A1C4-F0915B30D8C8}.Debug|Any CPU.Build.0 = Debug|Any CPU
		{8854B463-41C8-4030-A1C4-F0915B30D8C8}.Release|Any CPU.ActiveCfg = Release|Any CPU
		{8854B463-41C8-4030-A1C4-F0915B30D8C8}.Release|Any CPU.Build.0 = Release|Any CPU
		{3C1D3497-52E6-433D-A47F-F2412C95B6D0}.Debug|Any CPU.ActiveCfg = Debug|Any CPU
		{3C1D3497-52E6-433D-A47F-F2412C95B6D0}.Debug|Any CPU.Build.0 = Debug|Any CPU
		{3C1D3497-52E6-433D-A47F-F2412C95B6D0}.Release|Any CPU.ActiveCfg = Release|Any CPU
		{3C1D3497-52E6-433D-A47F-F2412C95B6D0}.Release|Any CPU.Build.0 = Release|Any CPU
		{AF87F2A1-0A71-47E4-B946-BE3E1CE8AD75}.Debug|Any CPU.ActiveCfg = Debug|Any CPU
		{AF87F2A1-0A71-47E4-B946-BE3E1CE8AD75}.Debug|Any CPU.Build.0 = Debug|Any CPU
		{AF87F2A1-0A71-47E4-B946-BE3E1CE8AD75}.Release|Any CPU.ActiveCfg = Release|Any CPU
		{AF87F2A1-0A71-47E4-B946-BE3E1CE8AD75}.Release|Any CPU.Build.0 = Release|Any CPU
		{C62D249F-2389-4C95-9DE4-096471F72B62}.Debug|Any CPU.ActiveCfg = Debug|Any CPU
		{C62D249F-2389-4C95-9DE4-096471F72B62}.Debug|Any CPU.Build.0 = Debug|Any CPU
		{C62D249F-2389-4C95-9DE4-096471F72B62}.Release|Any CPU.ActiveCfg = Release|Any CPU
		{C62D249F-2389-4C95-9DE4-096471F72B62}.Release|Any CPU.Build.0 = Release|Any CPU
		{2876A1F8-3793-4212-AB4F-D27305592DB7}.Debug|Any CPU.ActiveCfg = Debug|Any CPU
		{2876A1F8-3793-4212-AB4F-D27305592DB7}.Debug|Any CPU.Build.0 = Debug|Any CPU
		{2876A1F8-3793-4212-AB4F-D27305592DB7}.Release|Any CPU.ActiveCfg = Release|Any CPU
		{2876A1F8-3793-4212-AB4F-D27305592DB7}.Release|Any CPU.Build.0 = Release|Any CPU
	EndGlobalSection
	GlobalSection(SolutionProperties) = preSolution
		HideSolutionNode = FALSE
	EndGlobalSection
	GlobalSection(ExtensibilityGlobals) = postSolution
		SolutionGuid = {0BACB27F-9F3E-43AC-85B9-9F8C95C04F27}
	EndGlobalSection
EndGlobal
