
Microsoft Visual Studio Solution File, Format Version 12.00
# Visual Studio Version 17
VisualStudioVersion = 17.4.33122.133
MinimumVisualStudioVersion = 10.0.40219.1
Project("{FAE04EC0-301F-11D3-BF4B-00C04F79EFBC}") = "Web", "Web\Web.csproj", "{57EEBE32-C2D8-4058-AFB0-97587D83DB90}"
EndProject
Project("{FAE04EC0-301F-11D3-BF4B-00C04F79EFBC}") = "Core", "Core\Core.csproj", "{06451B3E-DCB1-44DF-B4AD-1AB1A18FEFC9}"
EndProject
Project("{FAE04EC0-301F-11D3-BF4B-00C04F79EFBC}") = "Infrastructure", "Infrastructure\Infrastructure.csproj", "{0F4799C8-15F0-4FD3-9024-4619645631EB}"
EndProject
Global
	GlobalSection(SolutionConfigurationPlatforms) = preSolution
		Debug|Any CPU = Debug|Any CPU
		Release|Any CPU = Release|Any CPU
	EndGlobalSection
	GlobalSection(ProjectConfigurationPlatforms) = postSolution
		{57EEBE32-C2D8-4058-AFB0-97587D83DB90}.Debug|Any CPU.ActiveCfg = Debug|Any CPU
		{57EEBE32-C2D8-4058-AFB0-97587D83DB90}.Debug|Any CPU.Build.0 = Debug|Any CPU
		{57EEBE32-C2D8-4058-AFB0-97587D83DB90}.Release|Any CPU.ActiveCfg = Release|Any CPU
		{57EEBE32-C2D8-4058-AFB0-97587D83DB90}.Release|Any CPU.Build.0 = Release|Any CPU
		{06451B3E-DCB1-44DF-B4AD-1AB1A18FEFC9}.Debug|Any CPU.ActiveCfg = Debug|Any CPU
		{06451B3E-DCB1-44DF-B4AD-1AB1A18FEFC9}.Debug|Any CPU.Build.0 = Debug|Any CPU
		{06451B3E-DCB1-44DF-B4AD-1AB1A18FEFC9}.Release|Any CPU.ActiveCfg = Release|Any CPU
		{06451B3E-DCB1-44DF-B4AD-1AB1A18FEFC9}.Release|Any CPU.Build.0 = Release|Any CPU
		{0F4799C8-15F0-4FD3-9024-4619645631EB}.Debug|Any CPU.ActiveCfg = Debug|Any CPU
		{0F4799C8-15F0-4FD3-9024-4619645631EB}.Debug|Any CPU.Build.0 = Debug|Any CPU
		{0F4799C8-15F0-4FD3-9024-4619645631EB}.Release|Any CPU.ActiveCfg = Release|Any CPU
		{0F4799C8-15F0-4FD3-9024-4619645631EB}.Release|Any CPU.Build.0 = Release|Any CPU
	EndGlobalSection
	GlobalSection(SolutionProperties) = preSolution
		HideSolutionNode = FALSE
	EndGlobalSection
	GlobalSection(ExtensibilityGlobals) = postSolution
		SolutionGuid = {0BACB27F-9F3E-43AC-85B9-9F8C95C04F27}
	EndGlobalSection
EndGlobal
